
Microsoft Visual Studio Solution File, Format Version 12.00
# Visual Studio Version 17
VisualStudioVersion = 17.14.36401.2 d17.14
MinimumVisualStudioVersion = 10.0.40219.1
Project("{FAE04EC0-301F-11D3-BF4B-00C04F79EFBC}") = "SilkShield-New", "SilkShield-New\SilkShield-New.csproj", "{6AD6CD50-3833-4E48-9FF3-6DF2EBCCF33A}"
EndProject
Global
	GlobalSection(SolutionConfigurationPlatforms) = preSolution
		Debug|Any CPU = Debug|Any CPU
		Release|Any CPU = Release|Any CPU
	EndGlobalSection
	GlobalSection(ProjectConfigurationPlatforms) = postSolution
		{6AD6CD50-3833-4E48-9FF3-6DF2EBCCF33A}.Debug|Any CPU.ActiveCfg = Debug|Any CPU
		{6AD6CD50-3833-4E48-9FF3-6DF2EBCCF33A}.Debug|Any CPU.Build.0 = Debug|Any CPU
		{6AD6CD50-3833-4E48-9FF3-6DF2EBCCF33A}.Release|Any CPU.ActiveCfg = Release|Any CPU
		{6AD6CD50-3833-4E48-9FF3-6DF2EBCCF33A}.Release|Any CPU.Build.0 = Release|Any CPU
	EndGlobalSection
	GlobalSection(SolutionProperties) = preSolution
		HideSolutionNode = FALSE
	EndGlobalSection
	GlobalSection(ExtensibilityGlobals) = postSolution
		SolutionGuid = {74B9B3D5-7731-4C9A-AB96-039314599C2C}
	EndGlobalSection
EndGlobal
